PODS:
  - NexmoClient (4.3.0):
    - VonageWebRTC (= 84.0.22)
  - VonageWebRTC (84.0.22)

DEPENDENCIES:
  - NexmoClient

SPEC REPOS:
  trunk:
    - NexmoClient
    - VonageWebRTC

SPEC CHECKSUMS:
  NexmoClient: 681eac397c8e264b4cb7650cc926067c917ad40a
  VonageWebRTC: 035f3a68ed821344b2fba6c7baa086f350e0a277

PODFILE CHECKSUM: 332dd59ed66eefa9e296a19a388b8498b4548a58

COCOAPODS: 1.11.3
